
Microsoft Visual Studio Solution File, Format Version 12.00
# Visual Studio Version 17
VisualStudioVersion = 17.14.36327.8
MinimumVisualStudioVersion = 10.0.40219.1
Project("{FAE04EC0-301F-11D3-BF4B-00C04F79EFBC}") = "EmployeeManagement.API", "EmployeeManagement.API.csproj", "{11AB561F-4E45-40CC-8BEC-17520F43A8C4}"
EndProject
Project("{FAE04EC0-301F-11D3-BF4B-00C04F79EFBC}") = "EmployeeManagement.API.Tests", "EmployeeManagementTests\EmployeeManagement.API.Tests.csproj", "{3DF264BC-3388-458C-9413-D42EF620142B}"
EndProject
Project("{FAE04EC0-301F-11D3-BF4B-00C04F79EFBC}") = "EmployeeManagement.MVC", "EmployeeManagement.MVC\EmployeeManagement.MVC.csproj", "{A6C48AC6-AD96-4AE5-94C7-AC5B90429E38}"
EndProject
Project("{FAE04EC0-301F-11D3-BF4B-00C04F79EFBC}") = "EmployeeManagement.Models", "EmployeeManagement.Models\EmployeeManagement.Models.csproj", "{90C41321-55C1-4533-9575-D72506C21294}"
EndProject
Global
	GlobalSection(SolutionConfigurationPlatforms) = preSolution
		Debug|Any CPU = Debug|Any CPU
		Release|Any CPU = Release|Any CPU
	EndGlobalSection
	GlobalSection(ProjectConfigurationPlatforms) = postSolution
		{11AB561F-4E45-40CC-8BEC-17520F43A8C4}.Debug|Any CPU.ActiveCfg = Debug|Any CPU
		{11AB561F-4E45-40CC-8BEC-17520F43A8C4}.Debug|Any CPU.Build.0 = Debug|Any CPU
		{11AB561F-4E45-40CC-8BEC-17520F43A8C4}.Release|Any CPU.ActiveCfg = Release|Any CPU
		{11AB561F-4E45-40CC-8BEC-17520F43A8C4}.Release|Any CPU.Build.0 = Release|Any CPU
		{3DF264BC-3388-458C-9413-D42EF620142B}.Debug|Any CPU.ActiveCfg = Debug|Any CPU
		{3DF264BC-3388-458C-9413-D42EF620142B}.Debug|Any CPU.Build.0 = Debug|Any CPU
		{3DF264BC-3388-458C-9413-D42EF620142B}.Release|Any CPU.ActiveCfg = Release|Any CPU
		{3DF264BC-3388-458C-9413-D42EF620142B}.Release|Any CPU.Build.0 = Release|Any CPU
		{A6C48AC6-AD96-4AE5-94C7-AC5B90429E38}.Debug|Any CPU.ActiveCfg = Debug|Any CPU
		{A6C48AC6-AD96-4AE5-94C7-AC5B90429E38}.Debug|Any CPU.Build.0 = Debug|Any CPU
		{A6C48AC6-AD96-4AE5-94C7-AC5B90429E38}.Release|Any CPU.ActiveCfg = Release|Any CPU
		{A6C48AC6-AD96-4AE5-94C7-AC5B90429E38}.Release|Any CPU.Build.0 = Release|Any CPU
		{90C41321-55C1-4533-9575-D72506C21294}.Debug|Any CPU.ActiveCfg = Debug|Any CPU
		{90C41321-55C1-4533-9575-D72506C21294}.Debug|Any CPU.Build.0 = Debug|Any CPU
		{90C41321-55C1-4533-9575-D72506C21294}.Release|Any CPU.ActiveCfg = Release|Any CPU
		{90C41321-55C1-4533-9575-D72506C21294}.Release|Any CPU.Build.0 = Release|Any CPU
	EndGlobalSection
	GlobalSection(SolutionProperties) = preSolution
		HideSolutionNode = FALSE
	EndGlobalSection
	GlobalSection(ExtensibilityGlobals) = postSolution
		SolutionGuid = {BE04EFBD-1C7B-40E8-B51F-8F165FDA4EE1}
	EndGlobalSection
EndGlobal
